
Microsoft Visual Studio Solution File, Format Version 12.00
# Visual Studio 15
VisualStudioVersion = 15.0.28307.102
MinimumVisualStudioVersion = 10.0.40219.1
Project("{FAE04EC0-301F-11D3-BF4B-00C04F79EFBC}") = "Liberator.SequaliserTests", "Liberator.SequaliserTests\Liberator.SequaliserTests.csproj", "{DDCE9902-541C-407E-A9B4-A4DB2C383FBE}"
EndProject
Project("{FAE04EC0-301F-11D3-BF4B-00C04F79EFBC}") = "Liberator.Sequaliser", "Liberator.Sequaliser\Liberator.Sequaliser.csproj", "{844D92C1-17A9-4AA5-AEAE-7FCB17A1D852}"
EndProject
Global
	GlobalSection(SolutionConfigurationPlatforms) = preSolution
		Debug|Any CPU = Debug|Any CPU
		Release|Any CPU = Release|Any CPU
	EndGlobalSection
	GlobalSection(ProjectConfigurationPlatforms) = postSolution
		{DDCE9902-541C-407E-A9B4-A4DB2C383FBE}.Debug|Any CPU.ActiveCfg = Debug|Any CPU
		{DDCE9902-541C-407E-A9B4-A4DB2C383FBE}.Debug|Any CPU.Build.0 = Debug|Any CPU
		{DDCE9902-541C-407E-A9B4-A4DB2C383FBE}.Release|Any CPU.ActiveCfg = Release|Any CPU
		{DDCE9902-541C-407E-A9B4-A4DB2C383FBE}.Release|Any CPU.Build.0 = Release|Any CPU
		{844D92C1-17A9-4AA5-AEAE-7FCB17A1D852}.Debug|Any CPU.ActiveCfg = Debug|Any CPU
		{844D92C1-17A9-4AA5-AEAE-7FCB17A1D852}.Debug|Any CPU.Build.0 = Debug|Any CPU
		{844D92C1-17A9-4AA5-AEAE-7FCB17A1D852}.Release|Any CPU.ActiveCfg = Release|Any CPU
		{844D92C1-17A9-4AA5-AEAE-7FCB17A1D852}.Release|Any CPU.Build.0 = Release|Any CPU
	EndGlobalSection
	GlobalSection(SolutionProperties) = preSolution
		HideSolutionNode = FALSE
	EndGlobalSection
	GlobalSection(ExtensibilityGlobals) = postSolution
		SolutionGuid = {7187DB02-5E18-4B76-9E81-D96DDF31277E}
	EndGlobalSection
EndGlobal
